
Microsoft Visual Studio Solution File, Format Version 12.00
# Visual Studio 2017
Project("{FAE04EC0-301F-11D3-BF4B-00C04F79EFBC}") = "FANTASTIC_HEROS", "FANTASTIC_HEROS.csproj", "{5F727E97-D2D1-7017-F21F-257AB8B7100D}"
EndProject
Global
	GlobalSection(SolutionConfigurationPlatforms) = preSolution
		Debug|Any CPU = Debug|Any CPU
		Release|Any CPU = Release|Any CPU
	EndGlobalSection
	GlobalSection(ProjectConfigurationPlatforms) = postSolution
		{5F727E97-D2D1-7017-F21F-257AB8B7100D}.Debug|Any CPU.ActiveCfg = Debug|Any CPU
		{5F727E97-D2D1-7017-F21F-257AB8B7100D}.Debug|Any CPU.Build.0 = Debug|Any CPU
		{5F727E97-D2D1-7017-F21F-257AB8B7100D}.Release|Any CPU.ActiveCfg = Release|Any CPU
		{5F727E97-D2D1-7017-F21F-257AB8B7100D}.Release|Any CPU.Build.0 = Release|Any CPU
	EndGlobalSection
	GlobalSection(SolutionProperties) = preSolution
		HideSolutionNode = FALSE
	EndGlobalSection
EndGlobal
